
Microsoft Visual Studio Solution File, Format Version 12.00
# Visual Studio 15
Project("{FAE04EC0-301F-11D3-BF4B-00C04F79EFBC}") = "Sharpness.Test", "Sharpness.Test\Sharpness.Test.csproj", "{613C269E-96A9-4623-A689-A499995A73BA}"
EndProject
Project("{FAE04EC0-301F-11D3-BF4B-00C04F79EFBC}") = "Sharpness.Codegen", "Sharpness.Codegen\Sharpness.Codegen.csproj", "{16D7FBAD-BFCB-4EA2-885A-67D19AEA9A0E}"
EndProject
Project("{FAE04EC0-301F-11D3-BF4B-00C04F79EFBC}") = "Sharpness.Build", "Sharpness.Build\Sharpness.Build.csproj", "{1DD1F127-F89E-40D6-AB6A-6985C5365AD9}"
EndProject
Project("{FAE04EC0-301F-11D3-BF4B-00C04F79EFBC}") = "Sharpness.Publish", "Sharpness.Publish\Sharpness.Publish.csproj", "{47E3C5EF-DEC5-4AFA-8B60-8DB8F1312624}"
EndProject
Global
	GlobalSection(SolutionConfigurationPlatforms) = preSolution
		Debug|Any CPU = Debug|Any CPU
		Release|Any CPU = Release|Any CPU
	EndGlobalSection
	GlobalSection(ProjectConfigurationPlatforms) = postSolution
		{613C269E-96A9-4623-A689-A499995A73BA}.Debug|Any CPU.ActiveCfg = Debug|Any CPU
		{613C269E-96A9-4623-A689-A499995A73BA}.Debug|Any CPU.Build.0 = Debug|Any CPU
		{613C269E-96A9-4623-A689-A499995A73BA}.Release|Any CPU.ActiveCfg = Release|Any CPU
		{613C269E-96A9-4623-A689-A499995A73BA}.Release|Any CPU.Build.0 = Release|Any CPU
		{16D7FBAD-BFCB-4EA2-885A-67D19AEA9A0E}.Debug|Any CPU.ActiveCfg = Debug|Any CPU
		{16D7FBAD-BFCB-4EA2-885A-67D19AEA9A0E}.Debug|Any CPU.Build.0 = Debug|Any CPU
		{16D7FBAD-BFCB-4EA2-885A-67D19AEA9A0E}.Release|Any CPU.ActiveCfg = Release|Any CPU
		{16D7FBAD-BFCB-4EA2-885A-67D19AEA9A0E}.Release|Any CPU.Build.0 = Release|Any CPU
		{1DD1F127-F89E-40D6-AB6A-6985C5365AD9}.Debug|Any CPU.ActiveCfg = Debug|Any CPU
		{1DD1F127-F89E-40D6-AB6A-6985C5365AD9}.Debug|Any CPU.Build.0 = Debug|Any CPU
		{1DD1F127-F89E-40D6-AB6A-6985C5365AD9}.Release|Any CPU.ActiveCfg = Release|Any CPU
		{1DD1F127-F89E-40D6-AB6A-6985C5365AD9}.Release|Any CPU.Build.0 = Release|Any CPU
		{47E3C5EF-DEC5-4AFA-8B60-8DB8F1312624}.Debug|Any CPU.ActiveCfg = Debug|Any CPU
		{47E3C5EF-DEC5-4AFA-8B60-8DB8F1312624}.Debug|Any CPU.Build.0 = Debug|Any CPU
		{47E3C5EF-DEC5-4AFA-8B60-8DB8F1312624}.Release|Any CPU.ActiveCfg = Release|Any CPU
		{47E3C5EF-DEC5-4AFA-8B60-8DB8F1312624}.Release|Any CPU.Build.0 = Release|Any CPU
	EndGlobalSection
EndGlobal
