
Microsoft Visual Studio Solution File, Format Version 12.00
# Visual Studio 15
Project("{FAE04EC0-301F-11D3-BF4B-00C04F79EFBC}") = "Sharpness", "Sharpness\Sharpness.csproj", "{A67F8808-AE86-4039-81D8-5F3B7E672880}"
EndProject
Global
	GlobalSection(SolutionConfigurationPlatforms) = preSolution
		Debug|Any CPU = Debug|Any CPU
		Release|Any CPU = Release|Any CPU
	EndGlobalSection
	GlobalSection(ProjectConfigurationPlatforms) = postSolution
		{A67F8808-AE86-4039-81D8-5F3B7E672880}.Debug|Any CPU.ActiveCfg = Debug|Any CPU
		{A67F8808-AE86-4039-81D8-5F3B7E672880}.Debug|Any CPU.Build.0 = Debug|Any CPU
		{A67F8808-AE86-4039-81D8-5F3B7E672880}.Release|Any CPU.ActiveCfg = Release|Any CPU
		{A67F8808-AE86-4039-81D8-5F3B7E672880}.Release|Any CPU.Build.0 = Release|Any CPU
	EndGlobalSection
EndGlobal
